// !$*UTF8*$!
{
	archiveVersion = 1;
	classes = {
	};
	objectVersion = 46;
	objects = {

/* Begin PBXBuildFile section */
		50E2CD9190B9CF8EDBF8518B /* Pods_SmartFactTests.framework in Frameworks */ = {isa = PBXBuildFile; fileRef = 05B96A7993270BE6F435116E /* Pods_SmartFactTests.framework */; };
		6C9676C51CD0580EF8661994 /* Pods_SmartFactUITests.framework in Frameworks */ = {isa = PBXBuildFile; fileRef = FD98D45E855242B951EA28F9 /* Pods_SmartFactUITests.framework */; };
		8C7251F25A878DB78215179C /* Pods_SmartFact.framework in Frameworks */ = {isa = PBXBuildFile; fileRef = 9BCA0C0B858646B110D99A72 /* Pods_SmartFact.framework */; };
		F01A67DC1F4D8D0E007FF243 /* ResetPasswordController.swift in Sources */ = {isa = PBXBuildFile; fileRef = F01A67DB1F4D8D0E007FF243 /* ResetPasswordController.swift */; };
		F01FDC941F4AB620008848DD /* MainForm.swift in Sources */ = {isa = PBXBuildFile; fileRef = F01FDC931F4AB620008848DD /* MainForm.swift */; };
		F04109E01F4341A3009D04A4 /* Constants.swift in Sources */ = {isa = PBXBuildFile; fileRef = F04109DF1F4341A3009D04A4 /* Constants.swift */; };
		F04109E21F4350EB009D04A4 /* DataService.swift in Sources */ = {isa = PBXBuildFile; fileRef = F04109E11F4350EB009D04A4 /* DataService.swift */; };
		F06263661F627F5F00B03536 /* BillsManager.swift in Sources */ = {isa = PBXBuildFile; fileRef = F06263651F627F5F00B03536 /* BillsManager.swift */; };
		F06263681F627F9C00B03536 /* PlanningManager.swift in Sources */ = {isa = PBXBuildFile; fileRef = F06263671F627F9C00B03536 /* PlanningManager.swift */; };
		F062636A1F6280F200B03536 /* BillsMock.swift in Sources */ = {isa = PBXBuildFile; fileRef = F06263691F6280F200B03536 /* BillsMock.swift */; };
		F062636C1F62D5B400B03536 /* LoadingController.swift in Sources */ = {isa = PBXBuildFile; fileRef = F062636B1F62D5B400B03536 /* LoadingController.swift */; };
		F062636E1F62D78700B03536 /* NotificationsManager.swift in Sources */ = {isa = PBXBuildFile; fileRef = F062636D1F62D78700B03536 /* NotificationsManager.swift */; };
		F06263701F62D79900B03536 /* NotificationsMock.swift in Sources */ = {isa = PBXBuildFile; fileRef = F062636F1F62D79900B03536 /* NotificationsMock.swift */; };
		F06263721F62D8C100B03536 /* MeetupsManager.swift in Sources */ = {isa = PBXBuildFile; fileRef = F06263711F62D8C100B03536 /* MeetupsManager.swift */; };
		F06263741F62D8D200B03536 /* MeetupsMock.swift in Sources */ = {isa = PBXBuildFile; fileRef = F06263731F62D8D200B03536 /* MeetupsMock.swift */; };
		F06263761F62D8E400B03536 /* PlanningMock.swift in Sources */ = {isa = PBXBuildFile; fileRef = F06263751F62D8E400B03536 /* PlanningMock.swift */; };
		F06D11971F41E13100E032DF /* RegisterController.swift in Sources */ = {isa = PBXBuildFile; fileRef = F06D11961F41E13100E032DF /* RegisterController.swift */; };
		F06D11991F41E1F100E032DF /* LoginController.swift in Sources */ = {isa = PBXBuildFile; fileRef = F06D11981F41E1F100E032DF /* LoginController.swift */; };
		F06D119B1F41E22400E032DF /* PlanningController.swift in Sources */ = {isa = PBXBuildFile; fileRef = F06D119A1F41E22400E032DF /* PlanningController.swift */; };
		F06D119E1F41E27100E032DF /* AuthService.swift in Sources */ = {isa = PBXBuildFile; fileRef = F06D119D1F41E27100E032DF /* AuthService.swift */; };
		F06D11A01F41E2A000E032DF /* NotificationsController.swift in Sources */ = {isa = PBXBuildFile; fileRef = F06D119F1F41E2A000E032DF /* NotificationsController.swift */; };
		F06D11A21F41E2D500E032DF /* AccountingController.swift in Sources */ = {isa = PBXBuildFile; fileRef = F06D11A11F41E2D500E032DF /* AccountingController.swift */; };
		F06D11A41F41E2E900E032DF /* ClientController.swift in Sources */ = {isa = PBXBuildFile; fileRef = F06D11A31F41E2E900E032DF /* ClientController.swift */; };
		F06D11A61F41E2FC00E032DF /* BillsController.swift in Sources */ = {isa = PBXBuildFile; fileRef = F06D11A51F41E2FC00E032DF /* BillsController.swift */; };
		F06D11A91F41E37500E032DF /* StartController.swift in Sources */ = {isa = PBXBuildFile; fileRef = F06D11A81F41E37500E032DF /* StartController.swift */; };
		F06E27A31F6126FA00CAD63D /* UserManager.swift in Sources */ = {isa = PBXBuildFile; fileRef = F06E27A21F6126FA00CAD63D /* UserManager.swift */; };
		F0732E741F62DEE400D71DBB /* AccountingMock.swift in Sources */ = {isa = PBXBuildFile; fileRef = F0732E731F62DEE400D71DBB /* AccountingMock.swift */; };
		F0732E761F62DEF400D71DBB /* AccountingManager.swift in Sources */ = {isa = PBXBuildFile; fileRef = F0732E751F62DEF400D71DBB /* AccountingManager.swift */; };
		F0732E781F62E12B00D71DBB /* ClientsManager.swift in Sources */ = {isa = PBXBuildFile; fileRef = F0732E771F62E12B00D71DBB /* ClientsManager.swift */; };
		F07454471F44B75000D2F138 /* ForgotPasswordController.swift in Sources */ = {isa = PBXBuildFile; fileRef = F07454461F44B75000D2F138 /* ForgotPasswordController.swift */; };
		F0892BC71F5FF65F00707C04 /* BackBtn.swift in Sources */ = {isa = PBXBuildFile; fileRef = F0892BC61F5FF65F00707C04 /* BackBtn.swift */; };
		F09417AF1F48741A001FB7BC /* MainButton.swift in Sources */ = {isa = PBXBuildFile; fileRef = F09417AE1F48741A001FB7BC /* MainButton.swift */; };
		F0A0D8251F55BC9E00421A51 /* UserMock.swift in Sources */ = {isa = PBXBuildFile; fileRef = F0A0D8241F55BC9E00421A51 /* UserMock.swift */; };
		F0AE14EC1F5D4133004C2728 /* BillsDetailsController.swift in Sources */ = {isa = PBXBuildFile; fileRef = F0AE14EB1F5D4133004C2728 /* BillsDetailsController.swift */; };
		F0AE14EE1F5D41D0004C2728 /* MeetupsDetailsController.swift in Sources */ = {isa = PBXBuildFile; fileRef = F0AE14ED1F5D41D0004C2728 /* MeetupsDetailsController.swift */; };
		F0AE14F01F5D43B2004C2728 /* UserController.swift in Sources */ = {isa = PBXBuildFile; fileRef = F0AE14EF1F5D43B2004C2728 /* UserController.swift */; };
		F0EB19341F31CC79006615CB /* AppDelegate.swift in Sources */ = {isa = PBXBuildFile; fileRef = F0EB19331F31CC79006615CB /* AppDelegate.swift */; };
		F0EB19361F31CC79006615CB /* HomeController.swift in Sources */ = {isa = PBXBuildFile; fileRef = F0EB19351F31CC79006615CB /* HomeController.swift */; };
		F0EB19391F31CC79006615CB /* Main.storyboard in Resources */ = {isa = PBXBuildFile; fileRef = F0EB19371F31CC79006615CB /* Main.storyboard */; };
		F0EB193C1F31CC79006615CB /* SmartFact.xcdatamodeld in Sources */ = {isa = PBXBuildFile; fileRef = F0EB193A1F31CC79006615CB /* SmartFact.xcdatamodeld */; };
		F0EB193E1F31CC79006615CB /* Assets.xcassets in Resources */ = {isa = PBXBuildFile; fileRef = F0EB193D1F31CC79006615CB /* Assets.xcassets */; };
		F0EB19411F31CC79006615CB /* LaunchScreen.storyboard in Resources */ = {isa = PBXBuildFile; fileRef = F0EB193F1F31CC79006615CB /* LaunchScreen.storyboard */; };
		F0EB194C1F31CC79006615CB /* SmartFactTests.swift in Sources */ = {isa = PBXBuildFile; fileRef = F0EB194B1F31CC79006615CB /* SmartFactTests.swift */; };
		F0EB19571F31CC79006615CB /* SmartFactUITests.swift in Sources */ = {isa = PBXBuildFile; fileRef = F0EB19561F31CC79006615CB /* SmartFactUITests.swift */; };
/* End PBXBuildFile section */

/* Begin PBXContainerItemProxy section */
		F0EB19481F31CC79006615CB /* PBXContainerItemProxy */ = {
			isa = PBXContainerItemProxy;
			containerPortal = F0EB19281F31CC79006615CB /* Project object */;
			proxyType = 1;
			remoteGlobalIDString = F0EB192F1F31CC79006615CB;
			remoteInfo = SmartFact;
		};
		F0EB19531F31CC79006615CB /* PBXContainerItemProxy */ = {
			isa = PBXContainerItemProxy;
			containerPortal = F0EB19281F31CC79006615CB /* Project object */;
			proxyType = 1;
			remoteGlobalIDString = F0EB192F1F31CC79006615CB;
			remoteInfo = SmartFact;
		};
/* End PBXContainerItemProxy section */

/* Begin PBXFileReference section */
		05B96A7993270BE6F435116E /* Pods_SmartFactTests.framework */ = {isa = PBXFileReference; explicitFileType = wrapper.framework; includeInIndex = 0; path = Pods_SmartFactTests.framework; sourceTree = BUILT_PRODUCTS_DIR; };
		2334E4E7C0B8992691261B28 /* Pods-SmartFactUITests.release.xcconfig */ = {isa = PBXFileReference; includeInIndex = 1; lastKnownFileType = text.xcconfig; name = "Pods-SmartFactUITests.release.xcconfig"; path = "Pods/Target Support Files/Pods-SmartFactUITests/Pods-SmartFactUITests.release.xcconfig"; sourceTree = "<group>"; };
		23BAF837EB59F18D2E4C64BD /* Pods-SmartFactTests.release.xcconfig */ = {isa = PBXFileReference; includeInIndex = 1; lastKnownFileType = text.xcconfig; name = "Pods-SmartFactTests.release.xcconfig"; path = "Pods/Target Support Files/Pods-SmartFactTests/Pods-SmartFactTests.release.xcconfig"; sourceTree = "<group>"; };
		25C9A59A601768CAEDEEBA82 /* Pods-SmartFact.release.xcconfig */ = {isa = PBXFileReference; includeInIndex = 1; lastKnownFileType = text.xcconfig; name = "Pods-SmartFact.release.xcconfig"; path = "Pods/Target Support Files/Pods-SmartFact/Pods-SmartFact.release.xcconfig"; sourceTree = "<group>"; };
		5D52632CAEC9351B1CF11F92 /* Pods-SmartFact.debug.xcconfig */ = {isa = PBXFileReference; includeInIndex = 1; lastKnownFileType = text.xcconfig; name = "Pods-SmartFact.debug.xcconfig"; path = "Pods/Target Support Files/Pods-SmartFact/Pods-SmartFact.debug.xcconfig"; sourceTree = "<group>"; };
		870AA475E34B2EDDF4CD65A5 /* Pods-SmartFactTests.debug.xcconfig */ = {isa = PBXFileReference; includeInIndex = 1; lastKnownFileType = text.xcconfig; name = "Pods-SmartFactTests.debug.xcconfig"; path = "Pods/Target Support Files/Pods-SmartFactTests/Pods-SmartFactTests.debug.xcconfig"; sourceTree = "<group>"; };
		9BCA0C0B858646B110D99A72 /* Pods_SmartFact.framework */ = {isa = PBXFileReference; explicitFileType = wrapper.framework; includeInIndex = 0; path = Pods_SmartFact.framework; sourceTree = BUILT_PRODUCTS_DIR; };
		EC040DF31214B09F0C071154 /* Pods-SmartFactUITests.debug.xcconfig */ = {isa = PBXFileReference; includeInIndex = 1; lastKnownFileType = text.xcconfig; name = "Pods-SmartFactUITests.debug.xcconfig"; path = "Pods/Target Support Files/Pods-SmartFactUITests/Pods-SmartFactUITests.debug.xcconfig"; sourceTree = "<group>"; };
		F01A67DB1F4D8D0E007FF243 /* ResetPasswordController.swift */ = {isa = PBXFileReference; lastKnownFileType = sourcecode.swift; path = ResetPasswordController.swift; sourceTree = "<group>"; };
		F01FDC931F4AB620008848DD /* MainForm.swift */ = {isa = PBXFileReference; lastKnownFileType = sourcecode.swift; path = MainForm.swift; sourceTree = "<group>"; };
		F04109DF1F4341A3009D04A4 /* Constants.swift */ = {isa = PBXFileReference; lastKnownFileType = sourcecode.swift; path = Constants.swift; sourceTree = "<group>"; };
		F04109E11F4350EB009D04A4 /* DataService.swift */ = {isa = PBXFileReference; lastKnownFileType = sourcecode.swift; path = DataService.swift; sourceTree = "<group>"; };
		F06263651F627F5F00B03536 /* BillsManager.swift */ = {isa = PBXFileReference; lastKnownFileType = sourcecode.swift; path = BillsManager.swift; sourceTree = "<group>"; };
		F06263671F627F9C00B03536 /* PlanningManager.swift */ = {isa = PBXFileReference; lastKnownFileType = sourcecode.swift; path = PlanningManager.swift; sourceTree = "<group>"; };
		F06263691F6280F200B03536 /* BillsMock.swift */ = {isa = PBXFileReference; lastKnownFileType = sourcecode.swift; path = BillsMock.swift; sourceTree = "<group>"; };
		F062636B1F62D5B400B03536 /* LoadingController.swift */ = {isa = PBXFileReference; lastKnownFileType = sourcecode.swift; path = LoadingController.swift; sourceTree = "<group>"; };
		F062636D1F62D78700B03536 /* NotificationsManager.swift */ = {isa = PBXFileReference; lastKnownFileType = sourcecode.swift; path = NotificationsManager.swift; sourceTree = "<group>"; };
		F062636F1F62D79900B03536 /* NotificationsMock.swift */ = {isa = PBXFileReference; lastKnownFileType = sourcecode.swift; path = NotificationsMock.swift; sourceTree = "<group>"; };
		F06263711F62D8C100B03536 /* MeetupsManager.swift */ = {isa = PBXFileReference; lastKnownFileType = sourcecode.swift; path = MeetupsManager.swift; sourceTree = "<group>"; };
		F06263731F62D8D200B03536 /* MeetupsMock.swift */ = {isa = PBXFileReference; lastKnownFileType = sourcecode.swift; path = MeetupsMock.swift; sourceTree = "<group>"; };
		F06263751F62D8E400B03536 /* PlanningMock.swift */ = {isa = PBXFileReference; lastKnownFileType = sourcecode.swift; path = PlanningMock.swift; sourceTree = "<group>"; };
		F06D11961F41E13100E032DF /* RegisterController.swift */ = {isa = PBXFileReference; lastKnownFileType = sourcecode.swift; path = RegisterController.swift; sourceTree = "<group>"; };
		F06D11981F41E1F100E032DF /* LoginController.swift */ = {isa = PBXFileReference; lastKnownFileType = sourcecode.swift; path = LoginController.swift; sourceTree = "<group>"; };
		F06D119A1F41E22400E032DF /* PlanningController.swift */ = {isa = PBXFileReference; lastKnownFileType = sourcecode.swift; path = PlanningController.swift; sourceTree = "<group>"; };
		F06D119D1F41E27100E032DF /* AuthService.swift */ = {isa = PBXFileReference; lastKnownFileType = sourcecode.swift; path = AuthService.swift; sourceTree = "<group>"; };
		F06D119F1F41E2A000E032DF /* NotificationsController.swift */ = {isa = PBXFileReference; lastKnownFileType = sourcecode.swift; path = NotificationsController.swift; sourceTree = "<group>"; };
		F06D11A11F41E2D500E032DF /* AccountingController.swift */ = {isa = PBXFileReference; lastKnownFileType = sourcecode.swift; path = AccountingController.swift; sourceTree = "<group>"; };
		F06D11A31F41E2E900E032DF /* ClientController.swift */ = {isa = PBXFileReference; lastKnownFileType = sourcecode.swift; path = ClientController.swift; sourceTree = "<group>"; };
		F06D11A51F41E2FC00E032DF /* BillsController.swift */ = {isa = PBXFileReference; lastKnownFileType = sourcecode.swift; path = BillsController.swift; sourceTree = "<group>"; };
		F06D11A81F41E37500E032DF /* StartController.swift */ = {isa = PBXFileReference; lastKnownFileType = sourcecode.swift; path = StartController.swift; sourceTree = "<group>"; };
		F06E27A21F6126FA00CAD63D /* UserManager.swift */ = {isa = PBXFileReference; lastKnownFileType = sourcecode.swift; path = UserManager.swift; sourceTree = "<group>"; };
		F0732E731F62DEE400D71DBB /* AccountingMock.swift */ = {isa = PBXFileReference; lastKnownFileType = sourcecode.swift; path = AccountingMock.swift; sourceTree = "<group>"; };
		F0732E751F62DEF400D71DBB /* AccountingManager.swift */ = {isa = PBXFileReference; lastKnownFileType = sourcecode.swift; path = AccountingManager.swift; sourceTree = "<group>"; };
		F0732E771F62E12B00D71DBB /* ClientsManager.swift */ = {isa = PBXFileReference; lastKnownFileType = sourcecode.swift; path = ClientsManager.swift; sourceTree = "<group>"; };
		F07454461F44B75000D2F138 /* ForgotPasswordController.swift */ = {isa = PBXFileReference; lastKnownFileType = sourcecode.swift; path = ForgotPasswordController.swift; sourceTree = "<group>"; };
		F0892BC61F5FF65F00707C04 /* BackBtn.swift */ = {isa = PBXFileReference; lastKnownFileType = sourcecode.swift; path = BackBtn.swift; sourceTree = "<group>"; };
		F09417AE1F48741A001FB7BC /* MainButton.swift */ = {isa = PBXFileReference; lastKnownFileType = sourcecode.swift; path = MainButton.swift; sourceTree = "<group>"; };
		F0A0D8241F55BC9E00421A51 /* UserMock.swift */ = {isa = PBXFileReference; lastKnownFileType = sourcecode.swift; path = UserMock.swift; sourceTree = "<group>"; };
		F0AE14EB1F5D4133004C2728 /* BillsDetailsController.swift */ = {isa = PBXFileReference; lastKnownFileType = sourcecode.swift; path = BillsDetailsController.swift; sourceTree = "<group>"; };
		F0AE14ED1F5D41D0004C2728 /* MeetupsDetailsController.swift */ = {isa = PBXFileReference; lastKnownFileType = sourcecode.swift; path = MeetupsDetailsController.swift; sourceTree = "<group>"; };
		F0AE14EF1F5D43B2004C2728 /* UserController.swift */ = {isa = PBXFileReference; lastKnownFileType = sourcecode.swift; path = UserController.swift; sourceTree = "<group>"; };
		F0EB19301F31CC79006615CB /* SmartFact.app */ = {isa = PBXFileReference; explicitFileType = wrapper.application; includeInIndex = 0; path = SmartFact.app; sourceTree = BUILT_PRODUCTS_DIR; };
		F0EB19331F31CC79006615CB /* AppDelegate.swift */ = {isa = PBXFileReference; lastKnownFileType = sourcecode.swift; path = AppDelegate.swift; sourceTree = "<group>"; };
		F0EB19351F31CC79006615CB /* HomeController.swift */ = {isa = PBXFileReference; lastKnownFileType = sourcecode.swift; path = HomeController.swift; sourceTree = "<group>"; };
		F0EB19381F31CC79006615CB /* Base */ = {isa = PBXFileReference; lastKnownFileType = file.storyboard; name = Base; path = Base.lproj/Main.storyboard; sourceTree = "<group>"; };
		F0EB193B1F31CC79006615CB /* SmartFact.xcdatamodel */ = {isa = PBXFileReference; lastKnownFileType = wrapper.xcdatamodel; path = SmartFact.xcdatamodel; sourceTree = "<group>"; };
		F0EB193D1F31CC79006615CB /* Assets.xcassets */ = {isa = PBXFileReference; lastKnownFileType = folder.assetcatalog; path = Assets.xcassets; sourceTree = "<group>"; };
		F0EB19401F31CC79006615CB /* Base */ = {isa = PBXFileReference; lastKnownFileType = file.storyboard; name = Base; path = Base.lproj/LaunchScreen.storyboard; sourceTree = "<group>"; };
		F0EB19421F31CC79006615CB /* Info.plist */ = {isa = PBXFileReference; lastKnownFileType = text.plist.xml; path = Info.plist; sourceTree = "<group>"; };
		F0EB19471F31CC79006615CB /* SmartFactTests.xctest */ = {isa = PBXFileReference; explicitFileType = wrapper.cfbundle; includeInIndex = 0; path = SmartFactTests.xctest; sourceTree = BUILT_PRODUCTS_DIR; };
		F0EB194B1F31CC79006615CB /* SmartFactTests.swift */ = {isa = PBXFileReference; lastKnownFileType = sourcecode.swift; path = SmartFactTests.swift; sourceTree = "<group>"; };
		F0EB194D1F31CC79006615CB /* Info.plist */ = {isa = PBXFileReference; lastKnownFileType = text.plist.xml; path = Info.plist; sourceTree = "<group>"; };
		F0EB19521F31CC79006615CB /* SmartFactUITests.xctest */ = {isa = PBXFileReference; explicitFileType = wrapper.cfbundle; includeInIndex = 0; path = SmartFactUITests.xctest; sourceTree = BUILT_PRODUCTS_DIR; };
		F0EB19561F31CC79006615CB /* SmartFactUITests.swift */ = {isa = PBXFileReference; lastKnownFileType = sourcecode.swift; path = SmartFactUITests.swift; sourceTree = "<group>"; };
		F0EB19581F31CC79006615CB /* Info.plist */ = {isa = PBXFileReference; lastKnownFileType = text.plist.xml; path = Info.plist; sourceTree = "<group>"; };
		FD98D45E855242B951EA28F9 /* Pods_SmartFactUITests.framework */ = {isa = PBXFileReference; explicitFileType = wrapper.framework; includeInIndex = 0; path = Pods_SmartFactUITests.framework; sourceTree = BUILT_PRODUCTS_DIR; };
/* End PBXFileReference section */

/* Begin PBXFrameworksBuildPhase section */
		F0EB192D1F31CC79006615CB /* Frameworks */ = {
			isa = PBXFrameworksBuildPhase;
			buildActionMask = 2147483647;
			files = (
				8C7251F25A878DB78215179C /* Pods_SmartFact.framework in Frameworks */,
			);
			runOnlyForDeploymentPostprocessing = 0;
		};
		F0EB19441F31CC79006615CB /* Frameworks */ = {
			isa = PBXFrameworksBuildPhase;
			buildActionMask = 2147483647;
			files = (
				50E2CD9190B9CF8EDBF8518B /* Pods_SmartFactTests.framework in Frameworks */,
			);
			runOnlyForDeploymentPostprocessing = 0;
		};
		F0EB194F1F31CC79006615CB /* Frameworks */ = {
			isa = PBXFrameworksBuildPhase;
			buildActionMask = 2147483647;
			files = (
				6C9676C51CD0580EF8661994 /* Pods_SmartFactUITests.framework in Frameworks */,
			);
			runOnlyForDeploymentPostprocessing = 0;
		};
/* End PBXFrameworksBuildPhase section */

/* Begin PBXGroup section */
		CC02332DD4C4FCFD79DE8B36 /* Frameworks */ = {
			isa = PBXGroup;
			children = (
				9BCA0C0B858646B110D99A72 /* Pods_SmartFact.framework */,
				05B96A7993270BE6F435116E /* Pods_SmartFactTests.framework */,
				FD98D45E855242B951EA28F9 /* Pods_SmartFactUITests.framework */,
			);
			name = Frameworks;
			sourceTree = "<group>";
		};
		D4B83C42AF6B0A1393F7F1EF /* Pods */ = {
			isa = PBXGroup;
			children = (
				5D52632CAEC9351B1CF11F92 /* Pods-SmartFact.debug.xcconfig */,
				25C9A59A601768CAEDEEBA82 /* Pods-SmartFact.release.xcconfig */,
				870AA475E34B2EDDF4CD65A5 /* Pods-SmartFactTests.debug.xcconfig */,
				23BAF837EB59F18D2E4C64BD /* Pods-SmartFactTests.release.xcconfig */,
				EC040DF31214B09F0C071154 /* Pods-SmartFactUITests.debug.xcconfig */,
				2334E4E7C0B8992691261B28 /* Pods-SmartFactUITests.release.xcconfig */,
			);
			name = Pods;
			sourceTree = "<group>";
		};
		F04109DE1F434195009D04A4 /* Utilities */ = {
			isa = PBXGroup;
			children = (
				F04109DF1F4341A3009D04A4 /* Constants.swift */,
			);
			path = Utilities;
			sourceTree = "<group>";
		};
		F06263641F627F0300B03536 /* Managers */ = {
			isa = PBXGroup;
			children = (
				F06E27A21F6126FA00CAD63D /* UserManager.swift */,
				F06263651F627F5F00B03536 /* BillsManager.swift */,
				F06263671F627F9C00B03536 /* PlanningManager.swift */,
				F062636D1F62D78700B03536 /* NotificationsManager.swift */,
				F06263711F62D8C100B03536 /* MeetupsManager.swift */,
				F0732E751F62DEF400D71DBB /* AccountingManager.swift */,
				F0732E771F62E12B00D71DBB /* ClientsManager.swift */,
			);
			path = Managers;
			sourceTree = "<group>";
		};
		F06D11951F41E0AC00E032DF /* Controllers */ = {
			isa = PBXGroup;
			children = (
				F0EB19351F31CC79006615CB /* HomeController.swift */,
				F06D11961F41E13100E032DF /* RegisterController.swift */,
				F06D11981F41E1F100E032DF /* LoginController.swift */,
				F06D119A1F41E22400E032DF /* PlanningController.swift */,
				F06D119F1F41E2A000E032DF /* NotificationsController.swift */,
				F06D11A11F41E2D500E032DF /* AccountingController.swift */,
				F06D11A31F41E2E900E032DF /* ClientController.swift */,
				F06D11A51F41E2FC00E032DF /* BillsController.swift */,
				F06D11A81F41E37500E032DF /* StartController.swift */,
				F07454461F44B75000D2F138 /* ForgotPasswordController.swift */,
				F01A67DB1F4D8D0E007FF243 /* ResetPasswordController.swift */,
				F0AE14EB1F5D4133004C2728 /* BillsDetailsController.swift */,
				F0AE14ED1F5D41D0004C2728 /* MeetupsDetailsController.swift */,
				F0AE14EF1F5D43B2004C2728 /* UserController.swift */,
			);
			path = Controllers;
			sourceTree = "<group>";
		};
		F06D119C1F41E26800E032DF /* Services */ = {
			isa = PBXGroup;
			children = (
				F06D119D1F41E27100E032DF /* AuthService.swift */,
				F04109E11F4350EB009D04A4 /* DataService.swift */,
			);
			path = Services;
			sourceTree = "<group>";
		};
		F06D11A71F41E34600E032DF /* View */ = {
			isa = PBXGroup;
			children = (
				F09417AE1F48741A001FB7BC /* MainButton.swift */,
				F01FDC931F4AB620008848DD /* MainForm.swift */,
				F0892BC61F5FF65F00707C04 /* BackBtn.swift */,
				F062636B1F62D5B400B03536 /* LoadingController.swift */,
			);
			path = View;
			sourceTree = "<group>";
		};
		F0A0D8231F55BC9800421A51 /* Models */ = {
			isa = PBXGroup;
			children = (
				F0A0D8241F55BC9E00421A51 /* UserMock.swift */,
				F06263691F6280F200B03536 /* BillsMock.swift */,
				F062636F1F62D79900B03536 /* NotificationsMock.swift */,
				F06263731F62D8D200B03536 /* MeetupsMock.swift */,
				F06263751F62D8E400B03536 /* PlanningMock.swift */,
				F0732E731F62DEE400D71DBB /* AccountingMock.swift */,
			);
			path = Models;
			sourceTree = "<group>";
		};
		F0EB19271F31CC79006615CB = {
			isa = PBXGroup;
			children = (
				F0EB19321F31CC79006615CB /* SmartFact */,
				F0EB194A1F31CC79006615CB /* SmartFactTests */,
				F0EB19551F31CC79006615CB /* SmartFactUITests */,
				F0EB19311F31CC79006615CB /* Products */,
				D4B83C42AF6B0A1393F7F1EF /* Pods */,
				CC02332DD4C4FCFD79DE8B36 /* Frameworks */,
			);
			sourceTree = "<group>";
		};
		F0EB19311F31CC79006615CB /* Products */ = {
			isa = PBXGroup;
			children = (
				F0EB19301F31CC79006615CB /* SmartFact.app */,
				F0EB19471F31CC79006615CB /* SmartFactTests.xctest */,
				F0EB19521F31CC79006615CB /* SmartFactUITests.xctest */,
			);
			name = Products;
			sourceTree = "<group>";
		};
		F0EB19321F31CC79006615CB /* SmartFact */ = {
			isa = PBXGroup;
			children = (
				F06263641F627F0300B03536 /* Managers */,
				F0A0D8231F55BC9800421A51 /* Models */,
				F04109DE1F434195009D04A4 /* Utilities */,
				F06D11A71F41E34600E032DF /* View */,
				F06D119C1F41E26800E032DF /* Services */,
				F06D11951F41E0AC00E032DF /* Controllers */,
				F0EB19331F31CC79006615CB /* AppDelegate.swift */,
				F0EB19371F31CC79006615CB /* Main.storyboard */,
				F0EB193D1F31CC79006615CB /* Assets.xcassets */,
				F0EB193F1F31CC79006615CB /* LaunchScreen.storyboard */,
				F0EB19421F31CC79006615CB /* Info.plist */,
				F0EB193A1F31CC79006615CB /* SmartFact.xcdatamodeld */,
			);
			path = SmartFact;
			sourceTree = "<group>";
		};
		F0EB194A1F31CC79006615CB /* SmartFactTests */ = {
			isa = PBXGroup;
			children = (
				F0EB194B1F31CC79006615CB /* SmartFactTests.swift */,
				F0EB194D1F31CC79006615CB /* Info.plist */,
			);
			path = SmartFactTests;
			sourceTree = "<group>";
		};
		F0EB19551F31CC79006615CB /* SmartFactUITests */ = {
			isa = PBXGroup;
			children = (
				F0EB19561F31CC79006615CB /* SmartFactUITests.swift */,
				F0EB19581F31CC79006615CB /* Info.plist */,
			);
			path = SmartFactUITests;
			sourceTree = "<group>";
		};
/* End PBXGroup section */

/* Begin PBXNativeTarget section */
		F0EB192F1F31CC79006615CB /* SmartFact */ = {
			isa = PBXNativeTarget;
			buildConfigurationList = F0EB195B1F31CC79006615CB /* Build configuration list for PBXNativeTarget "SmartFact" */;
			buildPhases = (
				9E50AD0F266978FDBCCF45A6 /* [CP] Check Pods Manifest.lock */,
				F0EB192C1F31CC79006615CB /* Sources */,
				F0EB192D1F31CC79006615CB /* Frameworks */,
				F0EB192E1F31CC79006615CB /* Resources */,
				38087038949F202C613BB7B9 /* [CP] Embed Pods Frameworks */,
				744EE507C494396BE2B0CC08 /* [CP] Copy Pods Resources */,
			);
			buildRules = (
			);
			dependencies = (
			);
			name = SmartFact;
			productName = SmartFact;
			productReference = F0EB19301F31CC79006615CB /* SmartFact.app */;
			productType = "com.apple.product-type.application";
		};
		F0EB19461F31CC79006615CB /* SmartFactTests */ = {
			isa = PBXNativeTarget;
			buildConfigurationList = F0EB195E1F31CC79006615CB /* Build configuration list for PBXNativeTarget "SmartFactTests" */;
			buildPhases = (
				1C907FEB9BD1E3A734F66890 /* [CP] Check Pods Manifest.lock */,
				F0EB19431F31CC79006615CB /* Sources */,
				F0EB19441F31CC79006615CB /* Frameworks */,
				F0EB19451F31CC79006615CB /* Resources */,
				699B8DD8F948DD8A5ED442B4 /* [CP] Embed Pods Frameworks */,
				1F722B4B75B08E503A8A5421 /* [CP] Copy Pods Resources */,
			);
			buildRules = (
			);
			dependencies = (
				F0EB19491F31CC79006615CB /* PBXTargetDependency */,
			);
			name = SmartFactTests;
			productName = SmartFactTests;
			productReference = F0EB19471F31CC79006615CB /* SmartFactTests.xctest */;
			productType = "com.apple.product-type.bundle.unit-test";
		};
		F0EB19511F31CC79006615CB /* SmartFactUITests */ = {
			isa = PBXNativeTarget;
			buildConfigurationList = F0EB19611F31CC79006615CB /* Build configuration list for PBXNativeTarget "SmartFactUITests" */;
			buildPhases = (
				1D629186B20297CE242244E6 /* [CP] Check Pods Manifest.lock */,
				F0EB194E1F31CC79006615CB /* Sources */,
				F0EB194F1F31CC79006615CB /* Frameworks */,
				F0EB19501F31CC79006615CB /* Resources */,
				C465D502F64B5A89BDDF3F73 /* [CP] Embed Pods Frameworks */,
				ECF99F123273634985AB15AC /* [CP] Copy Pods Resources */,
			);
			buildRules = (
			);
			dependencies = (
				F0EB19541F31CC79006615CB /* PBXTargetDependency */,
			);
			name = SmartFactUITests;
			productName = SmartFactUITests;
			productReference = F0EB19521F31CC79006615CB /* SmartFactUITests.xctest */;
			productType = "com.apple.product-type.bundle.ui-testing";
		};
/* End PBXNativeTarget section */

/* Begin PBXProject section */
		F0EB19281F31CC79006615CB /* Project object */ = {
			isa = PBXProject;
			attributes = {
				LastSwiftUpdateCheck = 0830;
				LastUpgradeCheck = 0900;
				ORGANIZATIONNAME = "Guillaume Loulier";
				TargetAttributes = {
					F0EB192F1F31CC79006615CB = {
						CreatedOnToolsVersion = 8.3.2;
						DevelopmentTeam = PN7CAY235J;
						LastSwiftMigration = 0900;
						ProvisioningStyle = Automatic;
					};
					F0EB19461F31CC79006615CB = {
						CreatedOnToolsVersion = 8.3.2;
						LastSwiftMigration = 0900;
						ProvisioningStyle = Automatic;
						TestTargetID = F0EB192F1F31CC79006615CB;
					};
					F0EB19511F31CC79006615CB = {
						CreatedOnToolsVersion = 8.3.2;
						LastSwiftMigration = 0900;
						ProvisioningStyle = Automatic;
						TestTargetID = F0EB192F1F31CC79006615CB;
					};
				};
			};
			buildConfigurationList = F0EB192B1F31CC79006615CB /* Build configuration list for PBXProject "SmartFact" */;
			compatibilityVersion = "Xcode 3.2";
			developmentRegion = English;
			hasScannedForEncodings = 0;
			knownRegions = (
				en,
				Base,
			);
			mainGroup = F0EB19271F31CC79006615CB;
			productRefGroup = F0EB19311F31CC79006615CB /* Products */;
			projectDirPath = "";
			projectRoot = "";
			targets = (
				F0EB192F1F31CC79006615CB /* SmartFact */,
				F0EB19461F31CC79006615CB /* SmartFactTests */,
				F0EB19511F31CC79006615CB /* SmartFactUITests */,
			);
		};
/* End PBXProject section */

/* Begin PBXResourcesBuildPhase section */
		F0EB192E1F31CC79006615CB /* Resources */ = {
			isa = PBXResourcesBuildPhase;
			buildActionMask = 2147483647;
			files = (
				F0EB19411F31CC79006615CB /* LaunchScreen.storyboard in Resources */,
				F0EB193E1F31CC79006615CB /* Assets.xcassets in Resources */,
				F0EB19391F31CC79006615CB /* Main.storyboard in Resources */,
			);
			runOnlyForDeploymentPostprocessing = 0;
		};
		F0EB19451F31CC79006615CB /* Resources */ = {
			isa = PBXResourcesBuildPhase;
			buildActionMask = 2147483647;
			files = (
			);
			runOnlyForDeploymentPostprocessing = 0;
		};
		F0EB19501F31CC79006615CB /* Resources */ = {
			isa = PBXResourcesBuildPhase;
			buildActionMask = 2147483647;
			files = (
			);
			runOnlyForDeploymentPostprocessing = 0;
		};
/* End PBXResourcesBuildPhase section */

/* Begin PBXShellScriptBuildPhase section */
		1C907FEB9BD1E3A734F66890 /* [CP] Check Pods Manifest.lock */ = {
			isa = PBXShellScriptBuildPhase;
			buildActionMask = 2147483647;
			files = (
			);
			inputPaths = (
				"${PODS_PODFILE_DIR_PATH}/Podfile.lock",
				"${PODS_ROOT}/Manifest.lock",
			);
			name = "[CP] Check Pods Manifest.lock";
			outputPaths = (
				"$(DERIVED_FILE_DIR)/Pods-SmartFactTests-checkManifestLockResult.txt",
			);
			runOnlyForDeploymentPostprocessing = 0;
			shellPath = /bin/sh;
			shellScript = "diff \"${PODS_PODFILE_DIR_PATH}/Podfile.lock\" \"${PODS_ROOT}/Manifest.lock\" > /dev/null\nif [ $? != 0 ] ; then\n    # print error to STDERR\n    echo \"error: The sandbox is not in sync with the Podfile.lock. Run 'pod install' or update your CocoaPods installation.\" >&2\n    exit 1\nfi\n# This output is used by Xcode 'outputs' to avoid re-running this script phase.\necho \"SUCCESS\" > \"${SCRIPT_OUTPUT_FILE_0}\"\n";
			showEnvVarsInLog = 0;
		};
		1D629186B20297CE242244E6 /* [CP] Check Pods Manifest.lock */ = {
			isa = PBXShellScriptBuildPhase;
			buildActionMask = 2147483647;
			files = (
			);
			inputPaths = (
				"${PODS_PODFILE_DIR_PATH}/Podfile.lock",
				"${PODS_ROOT}/Manifest.lock",
			);
			name = "[CP] Check Pods Manifest.lock";
			outputPaths = (
				"$(DERIVED_FILE_DIR)/Pods-SmartFactUITests-checkManifestLockResult.txt",
			);
			runOnlyForDeploymentPostprocessing = 0;
			shellPath = /bin/sh;
			shellScript = "diff \"${PODS_PODFILE_DIR_PATH}/Podfile.lock\" \"${PODS_ROOT}/Manifest.lock\" > /dev/null\nif [ $? != 0 ] ; then\n    # print error to STDERR\n    echo \"error: The sandbox is not in sync with the Podfile.lock. Run 'pod install' or update your CocoaPods installation.\" >&2\n    exit 1\nfi\n# This output is used by Xcode 'outputs' to avoid re-running this script phase.\necho \"SUCCESS\" > \"${SCRIPT_OUTPUT_FILE_0}\"\n";
			showEnvVarsInLog = 0;
		};
		1F722B4B75B08E503A8A5421 /* [CP] Copy Pods Resources */ = {
			isa = PBXShellScriptBuildPhase;
			buildActionMask = 2147483647;
			files = (
			);
			inputPaths = (
			);
			name = "[CP] Copy Pods Resources";
			outputPaths = (
			);
			runOnlyForDeploymentPostprocessing = 0;
			shellPath = /bin/sh;
			shellScript = "\"${SRCROOT}/Pods/Target Support Files/Pods-SmartFactTests/Pods-SmartFactTests-resources.sh\"\n";
			showEnvVarsInLog = 0;
		};
		38087038949F202C613BB7B9 /* [CP] Embed Pods Frameworks */ = {
			isa = PBXShellScriptBuildPhase;
			buildActionMask = 2147483647;
			files = (
			);
			inputPaths = (
				"${SRCROOT}/Pods/Target Support Files/Pods-SmartFact/Pods-SmartFact-frameworks.sh",
				"${BUILT_PRODUCTS_DIR}/Alamofire/Alamofire.framework",
			);
			name = "[CP] Embed Pods Frameworks";
			outputPaths = (
				"${TARGET_BUILD_DIR}/${FRAMEWORKS_FOLDER_PATH}/Alamofire.framework",
			);
			runOnlyForDeploymentPostprocessing = 0;
			shellPath = /bin/sh;
			shellScript = "\"${SRCROOT}/Pods/Target Support Files/Pods-SmartFact/Pods-SmartFact-frameworks.sh\"\n";
			showEnvVarsInLog = 0;
		};
		699B8DD8F948DD8A5ED442B4 /* [CP] Embed Pods Frameworks */ = {
			isa = PBXShellScriptBuildPhase;
			buildActionMask = 2147483647;
			files = (
			);
			inputPaths = (
			);
			name = "[CP] Embed Pods Frameworks";
			outputPaths = (
			);
			runOnlyForDeploymentPostprocessing = 0;
			shellPath = /bin/sh;
			shellScript = "\"${SRCROOT}/Pods/Target Support Files/Pods-SmartFactTests/Pods-SmartFactTests-frameworks.sh\"\n";
			showEnvVarsInLog = 0;
		};
		744EE507C494396BE2B0CC08 /* [CP] Copy Pods Resources */ = {
			isa = PBXShellScriptBuildPhase;
			buildActionMask = 2147483647;
			files = (
			);
			inputPaths = (
			);
			name = "[CP] Copy Pods Resources";
			outputPaths = (
			);
			runOnlyForDeploymentPostprocessing = 0;
			shellPath = /bin/sh;
			shellScript = "\"${SRCROOT}/Pods/Target Support Files/Pods-SmartFact/Pods-SmartFact-resources.sh\"\n";
			showEnvVarsInLog = 0;
		};
		9E50AD0F266978FDBCCF45A6 /* [CP] Check Pods Manifest.lock */ = {
			isa = PBXShellScriptBuildPhase;
			buildActionMask = 2147483647;
			files = (
			);
			inputPaths = (
				"${PODS_PODFILE_DIR_PATH}/Podfile.lock",
				"${PODS_ROOT}/Manifest.lock",
			);
			name = "[CP] Check Pods Manifest.lock";
			outputPaths = (
				"$(DERIVED_FILE_DIR)/Pods-SmartFact-checkManifestLockResult.txt",
			);
			runOnlyForDeploymentPostprocessing = 0;
			shellPath = /bin/sh;
			shellScript = "diff \"${PODS_PODFILE_DIR_PATH}/Podfile.lock\" \"${PODS_ROOT}/Manifest.lock\" > /dev/null\nif [ $? != 0 ] ; then\n    # print error to STDERR\n    echo \"error: The sandbox is not in sync with the Podfile.lock. Run 'pod install' or update your CocoaPods installation.\" >&2\n    exit 1\nfi\n# This output is used by Xcode 'outputs' to avoid re-running this script phase.\necho \"SUCCESS\" > \"${SCRIPT_OUTPUT_FILE_0}\"\n";
			showEnvVarsInLog = 0;
		};
		C465D502F64B5A89BDDF3F73 /* [CP] Embed Pods Frameworks */ = {
			isa = PBXShellScriptBuildPhase;
			buildActionMask = 2147483647;
			files = (
			);
			inputPaths = (
			);
			name = "[CP] Embed Pods Frameworks";
			outputPaths = (
			);
			runOnlyForDeploymentPostprocessing = 0;
			shellPath = /bin/sh;
			shellScript = "\"${SRCROOT}/Pods/Target Support Files/Pods-SmartFactUITests/Pods-SmartFactUITests-frameworks.sh\"\n";
			showEnvVarsInLog = 0;
		};
		ECF99F123273634985AB15AC /* [CP] Copy Pods Resources */ = {
			isa = PBXShellScriptBuildPhase;
			buildActionMask = 2147483647;
			files = (
			);
			inputPaths = (
			);
			name = "[CP] Copy Pods Resources";
			outputPaths = (
			);
			runOnlyForDeploymentPostprocessing = 0;
			shellPath = /bin/sh;
			shellScript = "\"${SRCROOT}/Pods/Target Support Files/Pods-SmartFactUITests/Pods-SmartFactUITests-resources.sh\"\n";
			showEnvVarsInLog = 0;
		};
/* End PBXShellScriptBuildPhase section */

/* Begin PBXSourcesBuildPhase section */
		F0EB192C1F31CC79006615CB /* Sources */ = {
			isa = PBXSourcesBuildPhase;
			buildActionMask = 2147483647;
			files = (
				F0732E781F62E12B00D71DBB /* ClientsManager.swift in Sources */,
				F0892BC71F5FF65F00707C04 /* BackBtn.swift in Sources */,
				F06D11971F41E13100E032DF /* RegisterController.swift in Sources */,
				F04109E21F4350EB009D04A4 /* DataService.swift in Sources */,
				F062636E1F62D78700B03536 /* NotificationsManager.swift in Sources */,
				F0732E741F62DEE400D71DBB /* AccountingMock.swift in Sources */,
				F0EB19361F31CC79006615CB /* HomeController.swift in Sources */,
				F06D11A91F41E37500E032DF /* StartController.swift in Sources */,
				F06D11A41F41E2E900E032DF /* ClientController.swift in Sources */,
				F06263761F62D8E400B03536 /* PlanningMock.swift in Sources */,
				F0AE14EE1F5D41D0004C2728 /* MeetupsDetailsController.swift in Sources */,
				F0EB193C1F31CC79006615CB /* SmartFact.xcdatamodeld in Sources */,
				F062636C1F62D5B400B03536 /* LoadingController.swift in Sources */,
				F06263701F62D79900B03536 /* NotificationsMock.swift in Sources */,
				F01FDC941F4AB620008848DD /* MainForm.swift in Sources */,
				F06263721F62D8C100B03536 /* MeetupsManager.swift in Sources */,
				F0EB19341F31CC79006615CB /* AppDelegate.swift in Sources */,
				F06D11A61F41E2FC00E032DF /* BillsController.swift in Sources */,
				F0A0D8251F55BC9E00421A51 /* UserMock.swift in Sources */,
				F09417AF1F48741A001FB7BC /* MainButton.swift in Sources */,
				F06263661F627F5F00B03536 /* BillsManager.swift in Sources */,
				F06263681F627F9C00B03536 /* PlanningManager.swift in Sources */,
				F04109E01F4341A3009D04A4 /* Constants.swift in Sources */,
				F06D119B1F41E22400E032DF /* PlanningController.swift in Sources */,
				F0AE14F01F5D43B2004C2728 /* UserController.swift in Sources */,
				F062636A1F6280F200B03536 /* BillsMock.swift in Sources */,
				F01A67DC1F4D8D0E007FF243 /* ResetPasswordController.swift in Sources */,
				F07454471F44B75000D2F138 /* ForgotPasswordController.swift in Sources */,
				F06263741F62D8D200B03536 /* MeetupsMock.swift in Sources */,
				F06D11A01F41E2A000E032DF /* NotificationsController.swift in Sources */,
				F0732E761F62DEF400D71DBB /* AccountingManager.swift in Sources */,
				F06D11A21F41E2D500E032DF /* AccountingController.swift in Sources */,
				F06E27A31F6126FA00CAD63D /* UserManager.swift in Sources */,
				F06D11991F41E1F100E032DF /* LoginController.swift in Sources */,
				F06D119E1F41E27100E032DF /* AuthService.swift in Sources */,
				F0AE14EC1F5D4133004C2728 /* BillsDetailsController.swift in Sources */,
			);
			runOnlyForDeploymentPostprocessing = 0;
		};
		F0EB19431F31CC79006615CB /* Sources */ = {
			isa = PBXSourcesBuildPhase;
			buildActionMask = 2147483647;
			files = (
				F0EB194C1F31CC79006615CB /* SmartFactTests.swift in Sources */,
			);
			runOnlyForDeploymentPostprocessing = 0;
		};
		F0EB194E1F31CC79006615CB /* Sources */ = {
			isa = PBXSourcesBuildPhase;
			buildActionMask = 2147483647;
			files = (
				F0EB19571F31CC79006615CB /* SmartFactUITests.swift in Sources */,
			);
			runOnlyForDeploymentPostprocessing = 0;
		};
/* End PBXSourcesBuildPhase section */

/* Begin PBXTargetDependency section */
		F0EB19491F31CC79006615CB /* PBXTargetDependency */ = {
			isa = PBXTargetDependency;
			target = F0EB192F1F31CC79006615CB /* SmartFact */;
			targetProxy = F0EB19481F31CC79006615CB /* PBXContainerItemProxy */;
		};
		F0EB19541F31CC79006615CB /* PBXTargetDependency */ = {
			isa = PBXTargetDependency;
			target = F0EB192F1F31CC79006615CB /* SmartFact */;
			targetProxy = F0EB19531F31CC79006615CB /* PBXContainerItemProxy */;
		};
/* End PBXTargetDependency section */

/* Begin PBXVariantGroup section */
		F0EB19371F31CC79006615CB /* Main.storyboard */ = {
			isa = PBXVariantGroup;
			children = (
				F0EB19381F31CC79006615CB /* Base */,
			);
			name = Main.storyboard;
			sourceTree = "<group>";
		};
		F0EB193F1F31CC79006615CB /* LaunchScreen.storyboard */ = {
			isa = PBXVariantGroup;
			children = (
				F0EB19401F31CC79006615CB /* Base */,
			);
			name = LaunchScreen.storyboard;
			sourceTree = "<group>";
		};
/* End PBXVariantGroup section */

/* Begin XCBuildConfiguration section */
		F0EB19591F31CC79006615CB /* Debug */ = {
			isa = XCBuildConfiguration;
			buildSettings = {
				ALWAYS_SEARCH_USER_PATHS = NO;
				CLANG_ANALYZER_NONNULL = YES;
				CLANG_ANALYZER_NUMBER_OBJECT_CONVERSION = YES_AGGRESSIVE;
				CLANG_CXX_LANGUAGE_STANDARD = "gnu++0x";
				CLANG_CXX_LIBRARY = "libc++";
				CLANG_ENABLE_MODULES = YES;
				CLANG_ENABLE_OBJC_ARC = YES;
				CLANG_WARN_BLOCK_CAPTURE_AUTORELEASING = YES;
				CLANG_WARN_BOOL_CONVERSION = YES;
				CLANG_WARN_COMMA = YES;
				CLANG_WARN_CONSTANT_CONVERSION = YES;
				CLANG_WARN_DIRECT_OBJC_ISA_USAGE = YES_ERROR;
				CLANG_WARN_DOCUMENTATION_COMMENTS = YES;
				CLANG_WARN_EMPTY_BODY = YES;
				CLANG_WARN_ENUM_CONVERSION = YES;
				CLANG_WARN_INFINITE_RECURSION = YES;
				CLANG_WARN_INT_CONVERSION = YES;
				CLANG_WARN_NON_LITERAL_NULL_CONVERSION = YES;
				CLANG_WARN_OBJC_LITERAL_CONVERSION = YES;
				CLANG_WARN_OBJC_ROOT_CLASS = YES_ERROR;
				CLANG_WARN_RANGE_LOOP_ANALYSIS = YES;
				CLANG_WARN_STRICT_PROTOTYPES = YES;
				CLANG_WARN_SUSPICIOUS_MOVE = YES;
				CLANG_WARN_UNREACHABLE_CODE = YES;
				CLANG_WARN__DUPLICATE_METHOD_MATCH = YES;
				"CODE_SIGN_IDENTITY[sdk=iphoneos*]" = "iPhone Developer";
				COPY_PHASE_STRIP = NO;
				DEBUG_INFORMATION_FORMAT = dwarf;
				ENABLE_STRICT_OBJC_MSGSEND = YES;
				ENABLE_TESTABILITY = YES;
				GCC_C_LANGUAGE_STANDARD = gnu99;
				GCC_DYNAMIC_NO_PIC = NO;
				GCC_NO_COMMON_BLOCKS = YES;
				GCC_OPTIMIZATION_LEVEL = 0;
				GCC_PREPROCESSOR_DEFINITIONS = (
					"DEBUG=1",
					"$(inherited)",
				);
				GCC_WARN_64_TO_32_BIT_CONVERSION = YES;
				GCC_WARN_ABOUT_RETURN_TYPE = YES_ERROR;
				GCC_WARN_UNDECLARED_SELECTOR = YES;
				GCC_WARN_UNINITIALIZED_AUTOS = YES_AGGRESSIVE;
				GCC_WARN_UNUSED_FUNCTION = YES;
				GCC_WARN_UNUSED_VARIABLE = YES;
				IPHONEOS_DEPLOYMENT_TARGET = 10.3;
				MTL_ENABLE_DEBUG_INFO = YES;
				ONLY_ACTIVE_ARCH = YES;
				SDKROOT = iphoneos;
				SWIFT_ACTIVE_COMPILATION_CONDITIONS = DEBUG;
				SWIFT_OPTIMIZATION_LEVEL = "-Onone";
				TARGETED_DEVICE_FAMILY = "1,2";
			};
			name = Debug;
		};
		F0EB195A1F31CC79006615CB /* Release */ = {
			isa = XCBuildConfiguration;
			buildSettings = {
				ALWAYS_SEARCH_USER_PATHS = NO;
				CLANG_ANALYZER_NONNULL = YES;
				CLANG_ANALYZER_NUMBER_OBJECT_CONVERSION = YES_AGGRESSIVE;
				CLANG_CXX_LANGUAGE_STANDARD = "gnu++0x";
				CLANG_CXX_LIBRARY = "libc++";
				CLANG_ENABLE_MODULES = YES;
				CLANG_ENABLE_OBJC_ARC = YES;
				CLANG_WARN_BLOCK_CAPTURE_AUTORELEASING = YES;
				CLANG_WARN_BOOL_CONVERSION = YES;
				CLANG_WARN_COMMA = YES;
				CLANG_WARN_CONSTANT_CONVERSION = YES;
				CLANG_WARN_DIRECT_OBJC_ISA_USAGE = YES_ERROR;
				CLANG_WARN_DOCUMENTATION_COMMENTS = YES;
				CLANG_WARN_EMPTY_BODY = YES;
				CLANG_WARN_ENUM_CONVERSION = YES;
				CLANG_WARN_INFINITE_RECURSION = YES;
				CLANG_WARN_INT_CONVERSION = YES;
				CLANG_WARN_NON_LITERAL_NULL_CONVERSION = YES;
				CLANG_WARN_OBJC_LITERAL_CONVERSION = YES;
				CLANG_WARN_OBJC_ROOT_CLASS = YES_ERROR;
				CLANG_WARN_RANGE_LOOP_ANALYSIS = YES;
				CLANG_WARN_STRICT_PROTOTYPES = YES;
				CLANG_WARN_SUSPICIOUS_MOVE = YES;
				CLANG_WARN_UNREACHABLE_CODE = YES;
				CLANG_WARN__DUPLICATE_METHOD_MATCH = YES;
				"CODE_SIGN_IDENTITY[sdk=iphoneos*]" = "iPhone Developer";
				COPY_PHASE_STRIP = NO;
				DEBUG_INFORMATION_FORMAT = "dwarf-with-dsym";
				ENABLE_NS_ASSERTIONS = NO;
				ENABLE_STRICT_OBJC_MSGSEND = YES;
				GCC_C_LANGUAGE_STANDARD = gnu99;
				GCC_NO_COMMON_BLOCKS = YES;
				GCC_WARN_64_TO_32_BIT_CONVERSION = YES;
				GCC_WARN_ABOUT_RETURN_TYPE = YES_ERROR;
				GCC_WARN_UNDECLARED_SELECTOR = YES;
				GCC_WARN_UNINITIALIZED_AUTOS = YES_AGGRESSIVE;
				GCC_WARN_UNUSED_FUNCTION = YES;
				GCC_WARN_UNUSED_VARIABLE = YES;
				IPHONEOS_DEPLOYMENT_TARGET = 10.3;
				MTL_ENABLE_DEBUG_INFO = NO;
				SDKROOT = iphoneos;
				SWIFT_OPTIMIZATION_LEVEL = "-Owholemodule";
				TARGETED_DEVICE_FAMILY = "1,2";
				VALIDATE_PRODUCT = YES;
			};
			name = Release;
		};
		F0EB195C1F31CC79006615CB /* Debug */ = {
			isa = XCBuildConfiguration;
			baseConfigurationReference = 5D52632CAEC9351B1CF11F92 /* Pods-SmartFact.debug.xcconfig */;
			buildSettings = {
				ASSETCATALOG_COMPILER_APPICON_NAME = AppIcon;
				DEVELOPMENT_TEAM = PN7CAY235J;
				INFOPLIST_FILE = SmartFact/Info.plist;
				LD_RUNPATH_SEARCH_PATHS = "$(inherited) @executable_path/Frameworks";
				PRODUCT_BUNDLE_IDENTIFIER = fr.guillaumeloulier.SmartFact;
				PRODUCT_NAME = "$(TARGET_NAME)";
				SWIFT_SWIFT3_OBJC_INFERENCE = On;
				SWIFT_VERSION = 4.0;
			};
			name = Debug;
		};
		F0EB195D1F31CC79006615CB /* Release */ = {
			isa = XCBuildConfiguration;
			baseConfigurationReference = 25C9A59A601768CAEDEEBA82 /* Pods-SmartFact.release.xcconfig */;
			buildSettings = {
				ASSETCATALOG_COMPILER_APPICON_NAME = AppIcon;
				DEVELOPMENT_TEAM = PN7CAY235J;
				INFOPLIST_FILE = SmartFact/Info.plist;
				LD_RUNPATH_SEARCH_PATHS = "$(inherited) @executable_path/Frameworks";
				PRODUCT_BUNDLE_IDENTIFIER = fr.guillaumeloulier.SmartFact;
				PRODUCT_NAME = "$(TARGET_NAME)";
				SWIFT_SWIFT3_OBJC_INFERENCE = On;
				SWIFT_VERSION = 4.0;
			};
			name = Release;
		};
		F0EB195F1F31CC79006615CB /* Debug */ = {
			isa = XCBuildConfiguration;
			baseConfigurationReference = 870AA475E34B2EDDF4CD65A5 /* Pods-SmartFactTests.debug.xcconfig */;
			buildSettings = {
				ALWAYS_EMBED_SWIFT_STANDARD_LIBRARIES = YES;
				BUNDLE_LOADER = "$(TEST_HOST)";
				INFOPLIST_FILE = SmartFactTests/Info.plist;
				LD_RUNPATH_SEARCH_PATHS = "$(inherited) @executable_path/Frameworks @loader_path/Frameworks";
				PRODUCT_BUNDLE_IDENTIFIER = fr.guillaumeloulier.SmartFactTests;
				PRODUCT_NAME = "$(TARGET_NAME)";
				SWIFT_SWIFT3_OBJC_INFERENCE = On;
				SWIFT_VERSION = 4.0;
				TEST_HOST = "$(BUILT_PRODUCTS_DIR)/SmartFact.app/SmartFact";
			};
			name = Debug;
		};
		F0EB19601F31CC79006615CB /* Release */ = {
			isa = XCBuildConfiguration;
			baseConfigurationReference = 23BAF837EB59F18D2E4C64BD /* Pods-SmartFactTests.release.xcconfig */;
			buildSettings = {
				ALWAYS_EMBED_SWIFT_STANDARD_LIBRARIES = YES;
				BUNDLE_LOADER = "$(TEST_HOST)";
				INFOPLIST_FILE = SmartFactTests/Info.plist;
				LD_RUNPATH_SEARCH_PATHS = "$(inherited) @executable_path/Frameworks @loader_path/Frameworks";
				PRODUCT_BUNDLE_IDENTIFIER = fr.guillaumeloulier.SmartFactTests;
				PRODUCT_NAME = "$(TARGET_NAME)";
				SWIFT_SWIFT3_OBJC_INFERENCE = On;
				SWIFT_VERSION = 4.0;
				TEST_HOST = "$(BUILT_PRODUCTS_DIR)/SmartFact.app/SmartFact";
			};
			name = Release;
		};
		F0EB19621F31CC79006615CB /* Debug */ = {
			isa = XCBuildConfiguration;
			baseConfigurationReference = EC040DF31214B09F0C071154 /* Pods-SmartFactUITests.debug.xcconfig */;
			buildSettings = {
				ALWAYS_EMBED_SWIFT_STANDARD_LIBRARIES = YES;
				INFOPLIST_FILE = SmartFactUITests/Info.plist;
				LD_RUNPATH_SEARCH_PATHS = "$(inherited) @executable_path/Frameworks @loader_path/Frameworks";
				PRODUCT_BUNDLE_IDENTIFIER = fr.guillaumeloulier.SmartFactUITests;
				PRODUCT_NAME = "$(TARGET_NAME)";
				SWIFT_SWIFT3_OBJC_INFERENCE = On;
				SWIFT_VERSION = 4.0;
				TEST_TARGET_NAME = SmartFact;
			};
			name = Debug;
		};
		F0EB19631F31CC79006615CB /* Release */ = {
			isa = XCBuildConfiguration;
			baseConfigurationReference = 2334E4E7C0B8992691261B28 /* Pods-SmartFactUITests.release.xcconfig */;
			buildSettings = {
				ALWAYS_EMBED_SWIFT_STANDARD_LIBRARIES = YES;
				INFOPLIST_FILE = SmartFactUITests/Info.plist;
				LD_RUNPATH_SEARCH_PATHS = "$(inherited) @executable_path/Frameworks @loader_path/Frameworks";
				PRODUCT_BUNDLE_IDENTIFIER = fr.guillaumeloulier.SmartFactUITests;
				PRODUCT_NAME = "$(TARGET_NAME)";
				SWIFT_SWIFT3_OBJC_INFERENCE = On;
				SWIFT_VERSION = 4.0;
				TEST_TARGET_NAME = SmartFact;
			};
			name = Release;
		};
/* End XCBuildConfiguration section */

/* Begin XCConfigurationList section */
		F0EB192B1F31CC79006615CB /* Build configuration list for PBXProject "SmartFact" */ = {
			isa = XCConfigurationList;
			buildConfigurations = (
				F0EB19591F31CC79006615CB /* Debug */,
				F0EB195A1F31CC79006615CB /* Release */,
			);
			defaultConfigurationIsVisible = 0;
			defaultConfigurationName = Release;
		};
		F0EB195B1F31CC79006615CB /* Build configuration list for PBXNativeTarget "SmartFact" */ = {
			isa = XCConfigurationList;
			buildConfigurations = (
				F0EB195C1F31CC79006615CB /* Debug */,
				F0EB195D1F31CC79006615CB /* Release */,
			);
			defaultConfigurationIsVisible = 0;
			defaultConfigurationName = Release;
		};
		F0EB195E1F31CC79006615CB /* Build configuration list for PBXNativeTarget "SmartFactTests" */ = {
			isa = XCConfigurationList;
			buildConfigurations = (
				F0EB195F1F31CC79006615CB /* Debug */,
				F0EB19601F31CC79006615CB /* Release */,
			);
			defaultConfigurationIsVisible = 0;
			defaultConfigurationName = Release;
		};
		F0EB19611F31CC79006615CB /* Build configuration list for PBXNativeTarget "SmartFactUITests" */ = {
			isa = XCConfigurationList;
			buildConfigurations = (
				F0EB19621F31CC79006615CB /* Debug */,
				F0EB19631F31CC79006615CB /* Release */,
			);
			defaultConfigurationIsVisible = 0;
			defaultConfigurationName = Release;
		};
/* End XCConfigurationList section */

/* Begin XCVersionGroup section */
		F0EB193A1F31CC79006615CB /* SmartFact.xcdatamodeld */ = {
			isa = XCVersionGroup;
			children = (
				F0EB193B1F31CC79006615CB /* SmartFact.xcdatamodel */,
			);
			currentVersion = F0EB193B1F31CC79006615CB /* SmartFact.xcdatamodel */;
			path = SmartFact.xcdatamodeld;
			sourceTree = "<group>";
			versionGroupType = wrapper.xcdatamodel;
		};
/* End XCVersionGroup section */
	};
	rootObject = F0EB19281F31CC79006615CB /* Project object */;
}
